
Microsoft Visual Studio Solution File, Format Version 12.00
# Visual Studio Version 16
VisualStudioVersion = 16.0.28810.161
MinimumVisualStudioVersion = 10.0.40219.1
Project("{FAE04EC0-301F-11D3-BF4B-00C04F79EFBC}") = "Xappy.UWP", "Xappy\Xappy.UWP\Xappy.UWP.csproj", "{3326CDD0-9AA7-47F9-9E1C-A3EF37719625}"
EndProject
Project("{FAE04EC0-301F-11D3-BF4B-00C04F79EFBC}") = "Xappy.Android", "Xappy\Xappy.Android\Xappy.Android.csproj", "{AC9D5A16-FBBC-4267-B459-0575A51A06D2}"
EndProject
Project("{FAE04EC0-301F-11D3-BF4B-00C04F79EFBC}") = "Xappy.iOS", "Xappy\Xappy.iOS\Xappy.iOS.csproj", "{5BED9479-CC08-4993-BC2E-8CD5695BD30D}"
EndProject
Project("{FAE04EC0-301F-11D3-BF4B-00C04F79EFBC}") = "Xappy", "Xappy\Xappy\Xappy.csproj", "{AB03FC9C-B52B-4D35-A442-FBF2EF30F85D}"
EndProject
Global
	GlobalSection(SolutionConfigurationPlatforms) = preSolution
		Debug|Any CPU = Debug|Any CPU
		Debug|ARM = Debug|ARM
		Debug|iPhone = Debug|iPhone
		Debug|iPhoneSimulator = Debug|iPhoneSimulator
		Debug|x64 = Debug|x64
		Debug|x86 = Debug|x86
		Release|Any CPU = Release|Any CPU
		Release|ARM = Release|ARM
		Release|iPhone = Release|iPhone
		Release|iPhoneSimulator = Release|iPhoneSimulator
		Release|x64 = Release|x64
		Release|x86 = Release|x86
	EndGlobalSection
	GlobalSection(ProjectConfigurationPlatforms) = postSolution
		{3326CDD0-9AA7-47F9-9E1C-A3EF37719625}.Debug|Any CPU.ActiveCfg = Debug|x86
		{3326CDD0-9AA7-47F9-9E1C-A3EF37719625}.Debug|Any CPU.Build.0 = Debug|x86
		{3326CDD0-9AA7-47F9-9E1C-A3EF37719625}.Debug|Any CPU.Deploy.0 = Debug|x86
		{3326CDD0-9AA7-47F9-9E1C-A3EF37719625}.Debug|ARM.ActiveCfg = Debug|ARM
		{3326CDD0-9AA7-47F9-9E1C-A3EF37719625}.Debug|ARM.Build.0 = Debug|ARM
		{3326CDD0-9AA7-47F9-9E1C-A3EF37719625}.Debug|ARM.Deploy.0 = Debug|ARM
		{3326CDD0-9AA7-47F9-9E1C-A3EF37719625}.Debug|iPhone.ActiveCfg = Debug|x86
		{3326CDD0-9AA7-47F9-9E1C-A3EF37719625}.Debug|iPhone.Build.0 = Debug|x86
		{3326CDD0-9AA7-47F9-9E1C-A3EF37719625}.Debug|iPhone.Deploy.0 = Debug|x86
		{3326CDD0-9AA7-47F9-9E1C-A3EF37719625}.Debug|iPhoneSimulator.ActiveCfg = Debug|x86
		{3326CDD0-9AA7-47F9-9E1C-A3EF37719625}.Debug|iPhoneSimulator.Build.0 = Debug|x86
		{3326CDD0-9AA7-47F9-9E1C-A3EF37719625}.Debug|iPhoneSimulator.Deploy.0 = Debug|x86
		{3326CDD0-9AA7-47F9-9E1C-A3EF37719625}.Debug|x64.ActiveCfg = Debug|x64
		{3326CDD0-9AA7-47F9-9E1C-A3EF37719625}.Debug|x64.Build.0 = Debug|x64
		{3326CDD0-9AA7-47F9-9E1C-A3EF37719625}.Debug|x64.Deploy.0 = Debug|x64
		{3326CDD0-9AA7-47F9-9E1C-A3EF37719625}.Debug|x86.ActiveCfg = Debug|x86
		{3326CDD0-9AA7-47F9-9E1C-A3EF37719625}.Debug|x86.Build.0 = Debug|x86
		{3326CDD0-9AA7-47F9-9E1C-A3EF37719625}.Debug|x86.Deploy.0 = Debug|x86
		{3326CDD0-9AA7-47F9-9E1C-A3EF37719625}.Release|Any CPU.ActiveCfg = Release|x86
		{3326CDD0-9AA7-47F9-9E1C-A3EF37719625}.Release|Any CPU.Build.0 = Release|x86
		{3326CDD0-9AA7-47F9-9E1C-A3EF37719625}.Release|Any CPU.Deploy.0 = Release|x86
		{3326CDD0-9AA7-47F9-9E1C-A3EF37719625}.Release|ARM.ActiveCfg = Release|ARM
		{3326CDD0-9AA7-47F9-9E1C-A3EF37719625}.Release|ARM.Build.0 = Release|ARM
		{3326CDD0-9AA7-47F9-9E1C-A3EF37719625}.Release|ARM.Deploy.0 = Release|ARM
		{3326CDD0-9AA7-47F9-9E1C-A3EF37719625}.Release|iPhone.ActiveCfg = Release|x86
		{3326CDD0-9AA7-47F9-9E1C-A3EF37719625}.Release|iPhone.Build.0 = Release|x86
		{3326CDD0-9AA7-47F9-9E1C-A3EF37719625}.Release|iPhone.Deploy.0 = Release|x86
		{3326CDD0-9AA7-47F9-9E1C-A3EF37719625}.Release|iPhoneSimulator.ActiveCfg = Release|x86
		{3326CDD0-9AA7-47F9-9E1C-A3EF37719625}.Release|iPhoneSimulator.Build.0 = Release|x86
		{3326CDD0-9AA7-47F9-9E1C-A3EF37719625}.Release|iPhoneSimulator.Deploy.0 = Release|x86
		{3326CDD0-9AA7-47F9-9E1C-A3EF37719625}.Release|x64.ActiveCfg = Release|x64
		{3326CDD0-9AA7-47F9-9E1C-A3EF37719625}.Release|x64.Build.0 = Release|x64
		{3326CDD0-9AA7-47F9-9E1C-A3EF37719625}.Release|x64.Deploy.0 = Release|x64
		{3326CDD0-9AA7-47F9-9E1C-A3EF37719625}.Release|x86.ActiveCfg = Release|x86
		{3326CDD0-9AA7-47F9-9E1C-A3EF37719625}.Release|x86.Build.0 = Release|x86
		{3326CDD0-9AA7-47F9-9E1C-A3EF37719625}.Release|x86.Deploy.0 = Release|x86
		{AC9D5A16-FBBC-4267-B459-0575A51A06D2}.Debug|Any CPU.ActiveCfg = Debug|Any CPU
		{AC9D5A16-FBBC-4267-B459-0575A51A06D2}.Debug|Any CPU.Build.0 = Debug|Any CPU
		{AC9D5A16-FBBC-4267-B459-0575A51A06D2}.Debug|Any CPU.Deploy.0 = Debug|Any CPU
		{AC9D5A16-FBBC-4267-B459-0575A51A06D2}.Debug|ARM.ActiveCfg = Debug|Any CPU
		{AC9D5A16-FBBC-4267-B459-0575A51A06D2}.Debug|ARM.Build.0 = Debug|Any CPU
		{AC9D5A16-FBBC-4267-B459-0575A51A06D2}.Debug|ARM.Deploy.0 = Debug|Any CPU
		{AC9D5A16-FBBC-4267-B459-0575A51A06D2}.Debug|iPhone.ActiveCfg = Debug|Any CPU
		{AC9D5A16-FBBC-4267-B459-0575A51A06D2}.Debug|iPhone.Build.0 = Debug|Any CPU
		{AC9D5A16-FBBC-4267-B459-0575A51A06D2}.Debug|iPhone.Deploy.0 = Debug|Any CPU
		{AC9D5A16-FBBC-4267-B459-0575A51A06D2}.Debug|iPhoneSimulator.ActiveCfg = Debug|Any CPU
		{AC9D5A16-FBBC-4267-B459-0575A51A06D2}.Debug|iPhoneSimulator.Build.0 = Debug|Any CPU
		{AC9D5A16-FBBC-4267-B459-0575A51A06D2}.Debug|iPhoneSimulator.Deploy.0 = Debug|Any CPU
		{AC9D5A16-FBBC-4267-B459-0575A51A06D2}.Debug|x64.ActiveCfg = Debug|Any CPU
		{AC9D5A16-FBBC-4267-B459-0575A51A06D2}.Debug|x64.Build.0 = Debug|Any CPU
		{AC9D5A16-FBBC-4267-B459-0575A51A06D2}.Debug|x64.Deploy.0 = Debug|Any CPU
		{AC9D5A16-FBBC-4267-B459-0575A51A06D2}.Debug|x86.ActiveCfg = Debug|Any CPU
		{AC9D5A16-FBBC-4267-B459-0575A51A06D2}.Debug|x86.Build.0 = Debug|Any CPU
		{AC9D5A16-FBBC-4267-B459-0575A51A06D2}.Debug|x86.Deploy.0 = Debug|Any CPU
		{AC9D5A16-FBBC-4267-B459-0575A51A06D2}.Release|Any CPU.ActiveCfg = Release|Any CPU
		{AC9D5A16-FBBC-4267-B459-0575A51A06D2}.Release|Any CPU.Build.0 = Release|Any CPU
		{AC9D5A16-FBBC-4267-B459-0575A51A06D2}.Release|Any CPU.Deploy.0 = Release|Any CPU
		{AC9D5A16-FBBC-4267-B459-0575A51A06D2}.Release|ARM.ActiveCfg = Release|Any CPU
		{AC9D5A16-FBBC-4267-B459-0575A51A06D2}.Release|ARM.Build.0 = Release|Any CPU
		{AC9D5A16-FBBC-4267-B459-0575A51A06D2}.Release|ARM.Deploy.0 = Release|Any CPU
		{AC9D5A16-FBBC-4267-B459-0575A51A06D2}.Release|iPhone.ActiveCfg = Release|Any CPU
		{AC9D5A16-FBBC-4267-B459-0575A51A06D2}.Release|iPhone.Build.0 = Release|Any CPU
		{AC9D5A16-FBBC-4267-B459-0575A51A06D2}.Release|iPhone.Deploy.0 = Release|Any CPU
		{AC9D5A16-FBBC-4267-B459-0575A51A06D2}.Release|iPhoneSimulator.ActiveCfg = Release|Any CPU
		{AC9D5A16-FBBC-4267-B459-0575A51A06D2}.Release|iPhoneSimulator.Build.0 = Release|Any CPU
		{AC9D5A16-FBBC-4267-B459-0575A51A06D2}.Release|iPhoneSimulator.Deploy.0 = Release|Any CPU
		{AC9D5A16-FBBC-4267-B459-0575A51A06D2}.Release|x64.ActiveCfg = Release|Any CPU
		{AC9D5A16-FBBC-4267-B459-0575A51A06D2}.Release|x64.Build.0 = Release|Any CPU
		{AC9D5A16-FBBC-4267-B459-0575A51A06D2}.Release|x64.Deploy.0 = Release|Any CPU
		{AC9D5A16-FBBC-4267-B459-0575A51A06D2}.Release|x86.ActiveCfg = Release|Any CPU
		{AC9D5A16-FBBC-4267-B459-0575A51A06D2}.Release|x86.Build.0 = Release|Any CPU
		{AC9D5A16-FBBC-4267-B459-0575A51A06D2}.Release|x86.Deploy.0 = Release|Any CPU
		{5BED9479-CC08-4993-BC2E-8CD5695BD30D}.Debug|Any CPU.ActiveCfg = Debug|iPhone
		{5BED9479-CC08-4993-BC2E-8CD5695BD30D}.Debug|Any CPU.Build.0 = Debug|iPhone
		{5BED9479-CC08-4993-BC2E-8CD5695BD30D}.Debug|Any CPU.Deploy.0 = Debug|iPhone
		{5BED9479-CC08-4993-BC2E-8CD5695BD30D}.Debug|ARM.ActiveCfg = Debug|iPhoneSimulator
		{5BED9479-CC08-4993-BC2E-8CD5695BD30D}.Debug|ARM.Build.0 = Debug|iPhoneSimulator
		{5BED9479-CC08-4993-BC2E-8CD5695BD30D}.Debug|ARM.Deploy.0 = Debug|iPhoneSimulator
		{5BED9479-CC08-4993-BC2E-8CD5695BD30D}.Debug|iPhone.ActiveCfg = Debug|iPhone
		{5BED9479-CC08-4993-BC2E-8CD5695BD30D}.Debug|iPhone.Build.0 = Debug|iPhone
		{5BED9479-CC08-4993-BC2E-8CD5695BD30D}.Debug|iPhone.Deploy.0 = Debug|iPhone
		{5BED9479-CC08-4993-BC2E-8CD5695BD30D}.Debug|iPhoneSimulator.ActiveCfg = Debug|iPhoneSimulator
		{5BED9479-CC08-4993-BC2E-8CD5695BD30D}.Debug|iPhoneSimulator.Build.0 = Debug|iPhoneSimulator
		{5BED9479-CC08-4993-BC2E-8CD5695BD30D}.Debug|iPhoneSimulator.Deploy.0 = Debug|iPhoneSimulator
		{5BED9479-CC08-4993-BC2E-8CD5695BD30D}.Debug|x64.ActiveCfg = Debug|iPhone
		{5BED9479-CC08-4993-BC2E-8CD5695BD30D}.Debug|x64.Build.0 = Debug|iPhone
		{5BED9479-CC08-4993-BC2E-8CD5695BD30D}.Debug|x64.Deploy.0 = Debug|iPhone
		{5BED9479-CC08-4993-BC2E-8CD5695BD30D}.Debug|x86.ActiveCfg = Debug|iPhone
		{5BED9479-CC08-4993-BC2E-8CD5695BD30D}.Debug|x86.Build.0 = Debug|iPhone
		{5BED9479-CC08-4993-BC2E-8CD5695BD30D}.Debug|x86.Deploy.0 = Debug|iPhone
		{5BED9479-CC08-4993-BC2E-8CD5695BD30D}.Release|Any CPU.ActiveCfg = Release|iPhone
		{5BED9479-CC08-4993-BC2E-8CD5695BD30D}.Release|Any CPU.Build.0 = Release|iPhone
		{5BED9479-CC08-4993-BC2E-8CD5695BD30D}.Release|Any CPU.Deploy.0 = Release|iPhone
		{5BED9479-CC08-4993-BC2E-8CD5695BD30D}.Release|ARM.ActiveCfg = Release|iPhone
		{5BED9479-CC08-4993-BC2E-8CD5695BD30D}.Release|ARM.Build.0 = Release|iPhone
		{5BED9479-CC08-4993-BC2E-8CD5695BD30D}.Release|ARM.Deploy.0 = Release|iPhone
		{5BED9479-CC08-4993-BC2E-8CD5695BD30D}.Release|iPhone.ActiveCfg = Release|iPhone
		{5BED9479-CC08-4993-BC2E-8CD5695BD30D}.Release|iPhone.Build.0 = Release|iPhone
		{5BED9479-CC08-4993-BC2E-8CD5695BD30D}.Release|iPhone.Deploy.0 = Release|iPhone
		{5BED9479-CC08-4993-BC2E-8CD5695BD30D}.Release|iPhoneSimulator.ActiveCfg = Release|iPhoneSimulator
		{5BED9479-CC08-4993-BC2E-8CD5695BD30D}.Release|iPhoneSimulator.Build.0 = Release|iPhoneSimulator
		{5BED9479-CC08-4993-BC2E-8CD5695BD30D}.Release|iPhoneSimulator.Deploy.0 = Release|iPhoneSimulator
		{5BED9479-CC08-4993-BC2E-8CD5695BD30D}.Release|x64.ActiveCfg = Release|iPhone
		{5BED9479-CC08-4993-BC2E-8CD5695BD30D}.Release|x64.Build.0 = Release|iPhone
		{5BED9479-CC08-4993-BC2E-8CD5695BD30D}.Release|x64.Deploy.0 = Release|iPhone
		{5BED9479-CC08-4993-BC2E-8CD5695BD30D}.Release|x86.ActiveCfg = Release|iPhone
		{5BED9479-CC08-4993-BC2E-8CD5695BD30D}.Release|x86.Build.0 = Release|iPhone
		{5BED9479-CC08-4993-BC2E-8CD5695BD30D}.Release|x86.Deploy.0 = Release|iPhone
		{AB03FC9C-B52B-4D35-A442-FBF2EF30F85D}.Debug|Any CPU.ActiveCfg = Debug|Any CPU
		{AB03FC9C-B52B-4D35-A442-FBF2EF30F85D}.Debug|Any CPU.Build.0 = Debug|Any CPU
		{AB03FC9C-B52B-4D35-A442-FBF2EF30F85D}.Debug|Any CPU.Deploy.0 = Debug|Any CPU
		{AB03FC9C-B52B-4D35-A442-FBF2EF30F85D}.Debug|ARM.ActiveCfg = Debug|Any CPU
		{AB03FC9C-B52B-4D35-A442-FBF2EF30F85D}.Debug|ARM.Build.0 = Debug|Any CPU
		{AB03FC9C-B52B-4D35-A442-FBF2EF30F85D}.Debug|ARM.Deploy.0 = Debug|Any CPU
		{AB03FC9C-B52B-4D35-A442-FBF2EF30F85D}.Debug|iPhone.ActiveCfg = Debug|Any CPU
		{AB03FC9C-B52B-4D35-A442-FBF2EF30F85D}.Debug|iPhone.Build.0 = Debug|Any CPU
		{AB03FC9C-B52B-4D35-A442-FBF2EF30F85D}.Debug|iPhone.Deploy.0 = Debug|Any CPU
		{AB03FC9C-B52B-4D35-A442-FBF2EF30F85D}.Debug|iPhoneSimulator.ActiveCfg = Debug|Any CPU
		{AB03FC9C-B52B-4D35-A442-FBF2EF30F85D}.Debug|iPhoneSimulator.Build.0 = Debug|Any CPU
		{AB03FC9C-B52B-4D35-A442-FBF2EF30F85D}.Debug|iPhoneSimulator.Deploy.0 = Debug|Any CPU
		{AB03FC9C-B52B-4D35-A442-FBF2EF30F85D}.Debug|x64.ActiveCfg = Debug|Any CPU
		{AB03FC9C-B52B-4D35-A442-FBF2EF30F85D}.Debug|x64.Build.0 = Debug|Any CPU
		{AB03FC9C-B52B-4D35-A442-FBF2EF30F85D}.Debug|x64.Deploy.0 = Debug|Any CPU
		{AB03FC9C-B52B-4D35-A442-FBF2EF30F85D}.Debug|x86.ActiveCfg = Debug|Any CPU
		{AB03FC9C-B52B-4D35-A442-FBF2EF30F85D}.Debug|x86.Build.0 = Debug|Any CPU
		{AB03FC9C-B52B-4D35-A442-FBF2EF30F85D}.Debug|x86.Deploy.0 = Debug|Any CPU
		{AB03FC9C-B52B-4D35-A442-FBF2EF30F85D}.Release|Any CPU.ActiveCfg = Release|Any CPU
		{AB03FC9C-B52B-4D35-A442-FBF2EF30F85D}.Release|Any CPU.Build.0 = Release|Any CPU
		{AB03FC9C-B52B-4D35-A442-FBF2EF30F85D}.Release|Any CPU.Deploy.0 = Release|Any CPU
		{AB03FC9C-B52B-4D35-A442-FBF2EF30F85D}.Release|ARM.ActiveCfg = Release|Any CPU
		{AB03FC9C-B52B-4D35-A442-FBF2EF30F85D}.Release|ARM.Build.0 = Release|Any CPU
		{AB03FC9C-B52B-4D35-A442-FBF2EF30F85D}.Release|ARM.Deploy.0 = Release|Any CPU
		{AB03FC9C-B52B-4D35-A442-FBF2EF30F85D}.Release|iPhone.ActiveCfg = Release|Any CPU
		{AB03FC9C-B52B-4D35-A442-FBF2EF30F85D}.Release|iPhone.Build.0 = Release|Any CPU
		{AB03FC9C-B52B-4D35-A442-FBF2EF30F85D}.Release|iPhone.Deploy.0 = Release|Any CPU
		{AB03FC9C-B52B-4D35-A442-FBF2EF30F85D}.Release|iPhoneSimulator.ActiveCfg = Release|Any CPU
		{AB03FC9C-B52B-4D35-A442-FBF2EF30F85D}.Release|iPhoneSimulator.Build.0 = Release|Any CPU
		{AB03FC9C-B52B-4D35-A442-FBF2EF30F85D}.Release|iPhoneSimulator.Deploy.0 = Release|Any CPU
		{AB03FC9C-B52B-4D35-A442-FBF2EF30F85D}.Release|x64.ActiveCfg = Release|Any CPU
		{AB03FC9C-B52B-4D35-A442-FBF2EF30F85D}.Release|x64.Build.0 = Release|Any CPU
		{AB03FC9C-B52B-4D35-A442-FBF2EF30F85D}.Release|x64.Deploy.0 = Release|Any CPU
		{AB03FC9C-B52B-4D35-A442-FBF2EF30F85D}.Release|x86.ActiveCfg = Release|Any CPU
		{AB03FC9C-B52B-4D35-A442-FBF2EF30F85D}.Release|x86.Build.0 = Release|Any CPU
		{AB03FC9C-B52B-4D35-A442-FBF2EF30F85D}.Release|x86.Deploy.0 = Release|Any CPU
	EndGlobalSection
	GlobalSection(SolutionProperties) = preSolution
		HideSolutionNode = FALSE
	EndGlobalSection
	GlobalSection(ExtensibilityGlobals) = postSolution
		SolutionGuid = {20585D20-D318-47E0-8684-15CECC16E0DC}
	EndGlobalSection
EndGlobal
